{
  "requires": true,
  "lockfileVersion": 1,
  "dependencies": {
    "@babel/runtime": {
      "version": "7.15.4",
      "resolved": "https://registry.npmjs.org/@babel/runtime/-/runtime-7.15.4.tgz",
      "integrity": "sha512-99catp6bHCaxr4sJ/DbTGgHS4+Rs2RVd2g7iOap6SLGPDknRK9ztKNsE/Fg6QhSeh1FGE5f6gHGQmvvn3I3xhw==",
      "requires": {
        "regenerator-runtime": "^0.13.4"
      }
    },
    "@react-spring/animated": {
      "version": "9.2.6",
      "resolved": "https://registry.npmjs.org/@react-spring/animated/-/animated-9.2.6.tgz",
      "integrity": "sha512-xjL6nmixYNDvnpTs1FFMsMfSC0tURwPCU3b2jWNriYGLfwZ7c/TcyaEZA7yiNnmdFnuR3f3Z27AqIgaFC083Cw==",
      "requires": {
        "@react-spring/shared": "~9.2.6-beta.0",
        "@react-spring/types": "~9.2.6-beta.0"
      }
    },
    "@react-spring/core": {
      "version": "9.2.6",
      "resolved": "https://registry.npmjs.org/@react-spring/core/-/core-9.2.6.tgz",
      "integrity": "sha512-uPHUxmu+w6mHJrfQTMtmGJ8iZEwiVxz9kH7dRyk69bkZJt9z+w0Oj3UF4J3VcECZsbm3HRhN2ogXSAaqGjwhQw==",
      "requires": {
        "@react-spring/animated": "~9.2.6-beta.0",
        "@react-spring/shared": "~9.2.6-beta.0",
        "@react-spring/types": "~9.2.6-beta.0"
      }
    },
    "@react-spring/konva": {
      "version": "9.2.6",
      "resolved": "https://registry.npmjs.org/@react-spring/konva/-/konva-9.2.6.tgz",
      "integrity": "sha512-O1A9sKfNM+Srl1Gs3MtXNMUcGr6lJdtwlsSRQQsWLxJS/wD1DHWGHOXcVitk5da2GCqOdFs+pQPajkwdMHIYag==",
      "requires": {
        "@react-spring/animated": "~9.2.6-beta.0",
        "@react-spring/core": "~9.2.6-beta.0",
        "@react-spring/shared": "~9.2.6-beta.0",
        "@react-spring/types": "~9.2.6-beta.0"
      }
    },
    "@react-spring/native": {
      "version": "9.2.6",
      "resolved": "https://registry.npmjs.org/@react-spring/native/-/native-9.2.6.tgz",
      "integrity": "sha512-xOt03jK2eLo0lDfAyuMD+G1uCoKL5dsmX/wSJNuWTEWhDuJQFcSgZFHqmVn3bu/Fmd02iVe5/pAOWll5e90N1Q==",
      "requires": {
        "@react-spring/animated": "~9.2.6-beta.0",
        "@react-spring/core": "~9.2.6-beta.0",
        "@react-spring/shared": "~9.2.6-beta.0",
        "@react-spring/types": "~9.2.6-beta.0"
      }
    },
    "@react-spring/rafz": {
      "version": "9.2.6",
      "resolved": "https://registry.npmjs.org/@react-spring/rafz/-/rafz-9.2.6.tgz",
      "integrity": "sha512-62SivLKEpo7EfHPkxO5J3g9Cr9LF6+1A1RVOMJhkcpEYtbdbmma/d63Xp8qpMPEpk7uuWxaTb6jjyxW33pW3sg=="
    },
    "@react-spring/shared": {
      "version": "9.2.6",
      "resolved": "https://registry.npmjs.org/@react-spring/shared/-/shared-9.2.6.tgz",
      "integrity": "sha512-Qrm9fopKG/RxZ3Rw+4euhrpnB3uXSyiON9skHbcBfmkkzagpkUR66MX1YLrhHw0UchcZuSDnXs0Lonzt1rpWag==",
      "requires": {
        "@react-spring/rafz": "~9.2.6-beta.0",
        "@react-spring/types": "~9.2.6-beta.0"
      }
    },
    "@react-spring/three": {
      "version": "9.2.6",
      "resolved": "https://registry.npmjs.org/@react-spring/three/-/three-9.2.6.tgz",
      "integrity": "sha512-sV80HWT5wjKgl6i51UALlMVhsad93pijEgkXh6mAefKmuDo9DDe6UufAOn1uCTVxPZKO7w9O7xgvlPm9nkBXag==",
      "requires": {
        "@react-spring/animated": "~9.2.6-beta.0",
        "@react-spring/core": "~9.2.6-beta.0",
        "@react-spring/shared": "~9.2.6-beta.0",
        "@react-spring/types": "~9.2.6-beta.0"
      }
    },
    "@react-spring/types": {
      "version": "9.2.6",
      "resolved": "https://registry.npmjs.org/@react-spring/types/-/types-9.2.6.tgz",
      "integrity": "sha512-l7mCw182DtDMnCI8CB9orgTAEoFZRtdQ6aS6YeEAqYcy3nQZPmPggIHH9DxyLw7n7vBPRSzu9gCvUMgXKpTflg=="
    },
    "@react-spring/web": {
      "version": "9.2.6",
      "resolved": "https://registry.npmjs.org/@react-spring/web/-/web-9.2.6.tgz",
      "integrity": "sha512-0HkRsEYR/CO3Uw46FWDWaF2wg2rUXcWE2R9AoZXthEYLUn5w9uE1mf2Jel7BxBxWGQ73owkqSQv+klA1Hb+ViQ==",
      "requires": {
        "@react-spring/animated": "~9.2.6-beta.0",
        "@react-spring/core": "~9.2.6-beta.0",
        "@react-spring/shared": "~9.2.6-beta.0",
        "@react-spring/types": "~9.2.6-beta.0"
      }
    },
    "@react-spring/zdog": {
      "version": "9.2.6",
      "resolved": "https://registry.npmjs.org/@react-spring/zdog/-/zdog-9.2.6.tgz",
      "integrity": "sha512-02Zfc1keAkA4l1zsNWKG1L/Y5wExaD4GkcYjVFwmpB7RHdxCGG4io+qBV/Idpxji0XZ8oH8d5gCjlwTMZqlrkQ==",
      "requires": {
        "@react-spring/animated": "~9.2.6-beta.0",
        "@react-spring/core": "~9.2.6-beta.0",
        "@react-spring/shared": "~9.2.6-beta.0",
        "@react-spring/types": "~9.2.6-beta.0"
      }
    },
    "history": {
      "version": "4.10.1",
      "resolved": "https://registry.npmjs.org/history/-/history-4.10.1.tgz",
      "integrity": "sha512-36nwAD620w12kuzPAsyINPWJqlNbij+hpK1k9XRloDtym8mxzGYl2c17LnV6IAGB2Dmg4tEa7G7DlawS0+qjew==",
      "requires": {
        "@babel/runtime": "^7.1.2",
        "loose-envify": "^1.2.0",
        "resolve-pathname": "^3.0.0",
        "tiny-invariant": "^1.0.2",
        "tiny-warning": "^1.0.0",
        "value-equal": "^1.0.1"
      }
    },
    "hoist-non-react-statics": {
      "version": "3.3.2",
      "resolved": "https://registry.npmjs.org/hoist-non-react-statics/-/hoist-non-react-statics-3.3.2.tgz",
      "integrity": "sha512-/gGivxi8JPKWNm/W0jSmzcMPpfpPLc3dY/6GxhX2hQ9iGj3aDfklV4ET7NjKpSinLpJ5vafa9iiGIEZg10SfBw==",
      "requires": {
        "react-is": "^16.7.0"
      }
    },
    "isarray": {
      "version": "0.0.1",
      "resolved": "https://registry.npmjs.org/isarray/-/isarray-0.0.1.tgz",
      "integrity": "sha1-ihis/Kmo9Bd+Cav8YDiTmwXR7t8="
    },
    "js-tokens": {
      "version": "4.0.0",
      "resolved": "https://registry.npmjs.org/js-tokens/-/js-tokens-4.0.0.tgz",
      "integrity": "sha512-RdJUflcE3cUzKiMqQgsCu06FPu9UdIJO0beYbPhHN4k6apgJtifcoCtT9bcxOpYBtpD2kCM6Sbzg4CausW/PKQ=="
    },
    "loose-envify": {
      "version": "1.4.0",
      "resolved": "https://registry.npmjs.org/loose-envify/-/loose-envify-1.4.0.tgz",
      "integrity": "sha512-lyuxPGr/Wfhrlem2CL/UcnUc1zcqKAImBDzukY7Y5F/yQiNdko6+fRLevlw1HgMySw7f611UIY408EtxRSoK3Q==",
      "requires": {
        "js-tokens": "^3.0.0 || ^4.0.0"
      }
    },
    "object-assign": {
      "version": "4.1.1",
      "resolved": "https://registry.npmjs.org/object-assign/-/object-assign-4.1.1.tgz",
      "integrity": "sha1-IQmtx5ZYh8/AXLvUQsrIv7s2CGM="
    },
    "path-to-regexp": {
      "version": "1.8.0",
      "resolved": "https://registry.npmjs.org/path-to-regexp/-/path-to-regexp-1.8.0.tgz",
      "integrity": "sha512-n43JRhlUKUAlibEJhPeir1ncUID16QnEjNpwzNdO3Lm4ywrBpBZ5oLD0I6br9evr1Y9JTqwRtAh7JLoOzAQdVA==",
      "requires": {
        "isarray": "0.0.1"
      }
    },
    "prop-types": {
      "version": "15.7.2",
      "resolved": "https://registry.npmjs.org/prop-types/-/prop-types-15.7.2.tgz",
      "integrity": "sha512-8QQikdH7//R2vurIJSutZ1smHYTcLpRWEOlHnzcWHmBYrOGUysKwSsrC89BCiFj3CbrfJ/nXFdJepOVrY1GCHQ==",
      "requires": {
        "loose-envify": "^1.4.0",
        "object-assign": "^4.1.1",
        "react-is": "^16.8.1"
      }
    },
    "react-is": {
      "version": "16.13.1",
      "resolved": "https://registry.npmjs.org/react-is/-/react-is-16.13.1.tgz",
      "integrity": "sha512-24e6ynE2H+OKt4kqsOvNd8kBpV65zoxbA4BVsEOB3ARVWQki/DHzaUoC5KuON/BiccDaCCTZBuOcfZs70kR8bQ=="
    },
    "react-spring": {
      "version": "9.2.6",
      "resolved": "https://registry.npmjs.org/react-spring/-/react-spring-9.2.6.tgz",
      "integrity": "sha512-clqMjsqWo3SWuPm3Dt3W8Hi8LSgoA1v8sjw0hYnPpo2oNjhxOTkqHd1KmBxHhLpT2aD6AvbxqjzMZgmCgnu8lw==",
      "requires": {
        "@react-spring/core": "~9.2.6-beta.0",
        "@react-spring/konva": "~9.2.6-beta.0",
        "@react-spring/native": "~9.2.6-beta.0",
        "@react-spring/three": "~9.2.6-beta.0",
        "@react-spring/web": "~9.2.6-beta.0",
        "@react-spring/zdog": "~9.2.6-beta.0"
      }
    },
    "regenerator-runtime": {
      "version": "0.13.9",
      "resolved": "https://registry.npmjs.org/regenerator-runtime/-/regenerator-runtime-0.13.9.tgz",
      "integrity": "sha512-p3VT+cOEgxFsRRA9X4lkI1E+k2/CtnKtU4gcxyaCUreilL/vqI6CdZ3wxVUx3UOUg+gnUOQQcRI7BmSI656MYA=="
    },
    "resolve-pathname": {
      "version": "3.0.0",
      "resolved": "https://registry.npmjs.org/resolve-pathname/-/resolve-pathname-3.0.0.tgz",
      "integrity": "sha512-C7rARubxI8bXFNB/hqcp/4iUeIXJhJZvFPFPiSPRnhU5UPxzMFIl+2E6yY6c4k9giDJAhtV+enfA+G89N6Csng=="
    },
    "tiny-invariant": {
      "version": "1.1.0",
      "resolved": "https://registry.npmjs.org/tiny-invariant/-/tiny-invariant-1.1.0.tgz",
      "integrity": "sha512-ytxQvrb1cPc9WBEI/HSeYYoGD0kWnGEOR8RY6KomWLBVhqz0RgTwVO9dLrGz7dC+nN9llyI7OKAgRq8Vq4ZBSw=="
    },
    "tiny-warning": {
      "version": "1.0.3",
      "resolved": "https://registry.npmjs.org/tiny-warning/-/tiny-warning-1.0.3.tgz",
      "integrity": "sha512-lBN9zLN/oAf68o3zNXYrdCt1kP8WsiGW8Oo2ka41b2IM5JL/S1CTyX1rW0mb/zSuJun0ZUrDxx4sqvYS2FWzPA=="
    },
    "value-equal": {
      "version": "1.0.1",
      "resolved": "https://registry.npmjs.org/value-equal/-/value-equal-1.0.1.tgz",
      "integrity": "sha512-NOJ6JZCAWr0zlxZt+xqCHNTEKOsrks2HQd4MqhP1qy4z1SkbEP467eNx6TgDKXMvUOb+OENfJCZwM+16n7fRfw=="
    }
  }
}
